
Microsoft Visual Studio Solution File, Format Version 12.00
# Visual Studio 15
VisualStudioVersion = 15.0.28307.421
MinimumVisualStudioVersion = 10.0.40219.1
Project("{8BC9CEB8-8B4A-11D0-8D11-00A0C91BC942}") = "ProcessVector", "ProcessVector\ProcessVector.vcxproj", "{78745F84-4B10-4337-9F73-FCFD6E1065EC}"
EndProject
Project("{8BC9CEB8-8B4A-11D0-8D11-00A0C91BC942}") = "HtmlEncode", "HtmlEncode\HtmlEncode.vcxproj", "{E5543385-F6E6-4DD6-937B-5D106B2FA81F}"
EndProject
Project("{8BC9CEB8-8B4A-11D0-8D11-00A0C91BC942}") = "ProcessVector-test", "ProcessVector-test\ProcessVector-test.vcxproj", "{F6151500-1042-4B76-A7CC-13EF9967F810}"
EndProject
Project("{8BC9CEB8-8B4A-11D0-8D11-00A0C91BC942}") = "HtmlEncode-test", "HtmlEncode-test\HtmlEncode-test.vcxproj", "{36D49A08-5A3A-4CFA-8CE2-3E6E9454BFAC}"
EndProject
Project("{8BC9CEB8-8B4A-11D0-8D11-00A0C91BC942}") = "CountingFrequency", "CountingFrequency\CountingFrequency.vcxproj", "{15BBFABB-F92B-4046-8D34-DB2AC4917C38}"
EndProject
Project("{8BC9CEB8-8B4A-11D0-8D11-00A0C91BC942}") = "CountingFrequency-test", "CountingFrequency-test\CountingFrequency-test.vcxproj", "{65C44C6D-A016-44F2-A267-194EF18BA88F}"
EndProject
Global
	GlobalSection(SolutionConfigurationPlatforms) = preSolution
		Debug|x64 = Debug|x64
		Debug|x86 = Debug|x86
		Release|x64 = Release|x64
		Release|x86 = Release|x86
	EndGlobalSection
	GlobalSection(ProjectConfigurationPlatforms) = postSolution
		{78745F84-4B10-4337-9F73-FCFD6E1065EC}.Debug|x64.ActiveCfg = Debug|x64
		{78745F84-4B10-4337-9F73-FCFD6E1065EC}.Debug|x64.Build.0 = Debug|x64
		{78745F84-4B10-4337-9F73-FCFD6E1065EC}.Debug|x86.ActiveCfg = Debug|x64
		{78745F84-4B10-4337-9F73-FCFD6E1065EC}.Debug|x86.Build.0 = Debug|x64
		{78745F84-4B10-4337-9F73-FCFD6E1065EC}.Release|x64.ActiveCfg = Debug|x64
		{78745F84-4B10-4337-9F73-FCFD6E1065EC}.Release|x64.Build.0 = Debug|x64
		{78745F84-4B10-4337-9F73-FCFD6E1065EC}.Release|x86.ActiveCfg = Debug|x64
		{78745F84-4B10-4337-9F73-FCFD6E1065EC}.Release|x86.Build.0 = Debug|x64
		{E5543385-F6E6-4DD6-937B-5D106B2FA81F}.Debug|x64.ActiveCfg = Debug|x64
		{E5543385-F6E6-4DD6-937B-5D106B2FA81F}.Debug|x64.Build.0 = Debug|x64
		{E5543385-F6E6-4DD6-937B-5D106B2FA81F}.Debug|x86.ActiveCfg = Debug|x64
		{E5543385-F6E6-4DD6-937B-5D106B2FA81F}.Debug|x86.Build.0 = Debug|x64
		{E5543385-F6E6-4DD6-937B-5D106B2FA81F}.Release|x64.ActiveCfg = Debug|x64
		{E5543385-F6E6-4DD6-937B-5D106B2FA81F}.Release|x64.Build.0 = Debug|x64
		{E5543385-F6E6-4DD6-937B-5D106B2FA81F}.Release|x86.ActiveCfg = Debug|x64
		{E5543385-F6E6-4DD6-937B-5D106B2FA81F}.Release|x86.Build.0 = Debug|x64
		{F6151500-1042-4B76-A7CC-13EF9967F810}.Debug|x64.ActiveCfg = Debug|x64
		{F6151500-1042-4B76-A7CC-13EF9967F810}.Debug|x64.Build.0 = Debug|x64
		{F6151500-1042-4B76-A7CC-13EF9967F810}.Debug|x86.ActiveCfg = Debug|x64
		{F6151500-1042-4B76-A7CC-13EF9967F810}.Debug|x86.Build.0 = Debug|x64
		{F6151500-1042-4B76-A7CC-13EF9967F810}.Release|x64.ActiveCfg = Debug|x64
		{F6151500-1042-4B76-A7CC-13EF9967F810}.Release|x64.Build.0 = Debug|x64
		{F6151500-1042-4B76-A7CC-13EF9967F810}.Release|x86.ActiveCfg = Debug|x64
		{F6151500-1042-4B76-A7CC-13EF9967F810}.Release|x86.Build.0 = Debug|x64
		{36D49A08-5A3A-4CFA-8CE2-3E6E9454BFAC}.Debug|x64.ActiveCfg = Debug|x64
		{36D49A08-5A3A-4CFA-8CE2-3E6E9454BFAC}.Debug|x64.Build.0 = Debug|x64
		{36D49A08-5A3A-4CFA-8CE2-3E6E9454BFAC}.Debug|x86.ActiveCfg = Debug|x64
		{36D49A08-5A3A-4CFA-8CE2-3E6E9454BFAC}.Debug|x86.Build.0 = Debug|x64
		{36D49A08-5A3A-4CFA-8CE2-3E6E9454BFAC}.Release|x64.ActiveCfg = Debug|x64
		{36D49A08-5A3A-4CFA-8CE2-3E6E9454BFAC}.Release|x64.Build.0 = Debug|x64
		{36D49A08-5A3A-4CFA-8CE2-3E6E9454BFAC}.Release|x86.ActiveCfg = Debug|x64
		{36D49A08-5A3A-4CFA-8CE2-3E6E9454BFAC}.Release|x86.Build.0 = Debug|x64
		{15BBFABB-F92B-4046-8D34-DB2AC4917C38}.Debug|x64.ActiveCfg = Debug|x64
		{15BBFABB-F92B-4046-8D34-DB2AC4917C38}.Debug|x64.Build.0 = Debug|x64
		{15BBFABB-F92B-4046-8D34-DB2AC4917C38}.Debug|x86.ActiveCfg = Debug|x64
		{15BBFABB-F92B-4046-8D34-DB2AC4917C38}.Debug|x86.Build.0 = Debug|x64
		{15BBFABB-F92B-4046-8D34-DB2AC4917C38}.Release|x64.ActiveCfg = Debug|x64
		{15BBFABB-F92B-4046-8D34-DB2AC4917C38}.Release|x64.Build.0 = Debug|x64
		{15BBFABB-F92B-4046-8D34-DB2AC4917C38}.Release|x86.ActiveCfg = Debug|x64
		{15BBFABB-F92B-4046-8D34-DB2AC4917C38}.Release|x86.Build.0 = Debug|x64
		{65C44C6D-A016-44F2-A267-194EF18BA88F}.Debug|x64.ActiveCfg = Debug|x64
		{65C44C6D-A016-44F2-A267-194EF18BA88F}.Debug|x64.Build.0 = Debug|x64
		{65C44C6D-A016-44F2-A267-194EF18BA88F}.Debug|x86.ActiveCfg = Debug|x64
		{65C44C6D-A016-44F2-A267-194EF18BA88F}.Debug|x86.Build.0 = Debug|x64
		{65C44C6D-A016-44F2-A267-194EF18BA88F}.Release|x64.ActiveCfg = Debug|x64
		{65C44C6D-A016-44F2-A267-194EF18BA88F}.Release|x64.Build.0 = Debug|x64
		{65C44C6D-A016-44F2-A267-194EF18BA88F}.Release|x86.ActiveCfg = Debug|x64
		{65C44C6D-A016-44F2-A267-194EF18BA88F}.Release|x86.Build.0 = Debug|x64
	EndGlobalSection
	GlobalSection(SolutionProperties) = preSolution
		HideSolutionNode = FALSE
	EndGlobalSection
	GlobalSection(ExtensibilityGlobals) = postSolution
		SolutionGuid = {C4454AEC-A2C5-4ADF-B1E3-2063CB07E2CA}
	EndGlobalSection
EndGlobal
