
Microsoft Visual Studio Solution File, Format Version 12.00
# Visual Studio Version 17
VisualStudioVersion = 17.1.32407.343
MinimumVisualStudioVersion = 10.0.40219.1
Project("{8BC9CEB8-8B4A-11D0-8D11-00A0C91BC942}") = "FindMaxEx", "FindMaxEx\FindMaxEx.vcxproj", "{7A4B840F-06F9-4083-9F1A-12BDC1098820}"
EndProject
Project("{8BC9CEB8-8B4A-11D0-8D11-00A0C91BC942}") = "MyList", "MyList\MyList.vcxproj", "{7A01CE54-80E5-4D22-B170-0B07543FBF15}"
EndProject
Project("{8BC9CEB8-8B4A-11D0-8D11-00A0C91BC942}") = "MyList-tests", "MyList-tests\MyList-tests.vcxproj", "{C68E7165-B19E-44E6-BA92-EC522AC43B53}"
EndProject
Global
	GlobalSection(SolutionConfigurationPlatforms) = preSolution
		Debug|x64 = Debug|x64
		Debug|x86 = Debug|x86
		Release|x64 = Release|x64
		Release|x86 = Release|x86
	EndGlobalSection
	GlobalSection(ProjectConfigurationPlatforms) = postSolution
		{7A4B840F-06F9-4083-9F1A-12BDC1098820}.Debug|x64.ActiveCfg = Debug|x64
		{7A4B840F-06F9-4083-9F1A-12BDC1098820}.Debug|x64.Build.0 = Debug|x64
		{7A4B840F-06F9-4083-9F1A-12BDC1098820}.Debug|x86.ActiveCfg = Debug|Win32
		{7A4B840F-06F9-4083-9F1A-12BDC1098820}.Debug|x86.Build.0 = Debug|Win32
		{7A4B840F-06F9-4083-9F1A-12BDC1098820}.Release|x64.ActiveCfg = Release|x64
		{7A4B840F-06F9-4083-9F1A-12BDC1098820}.Release|x64.Build.0 = Release|x64
		{7A4B840F-06F9-4083-9F1A-12BDC1098820}.Release|x86.ActiveCfg = Release|Win32
		{7A4B840F-06F9-4083-9F1A-12BDC1098820}.Release|x86.Build.0 = Release|Win32
		{7A01CE54-80E5-4D22-B170-0B07543FBF15}.Debug|x64.ActiveCfg = Debug|x64
		{7A01CE54-80E5-4D22-B170-0B07543FBF15}.Debug|x64.Build.0 = Debug|x64
		{7A01CE54-80E5-4D22-B170-0B07543FBF15}.Debug|x86.ActiveCfg = Debug|Win32
		{7A01CE54-80E5-4D22-B170-0B07543FBF15}.Debug|x86.Build.0 = Debug|Win32
		{7A01CE54-80E5-4D22-B170-0B07543FBF15}.Release|x64.ActiveCfg = Release|x64
		{7A01CE54-80E5-4D22-B170-0B07543FBF15}.Release|x64.Build.0 = Release|x64
		{7A01CE54-80E5-4D22-B170-0B07543FBF15}.Release|x86.ActiveCfg = Release|Win32
		{7A01CE54-80E5-4D22-B170-0B07543FBF15}.Release|x86.Build.0 = Release|Win32
		{C68E7165-B19E-44E6-BA92-EC522AC43B53}.Debug|x64.ActiveCfg = Debug|x64
		{C68E7165-B19E-44E6-BA92-EC522AC43B53}.Debug|x64.Build.0 = Debug|x64
		{C68E7165-B19E-44E6-BA92-EC522AC43B53}.Debug|x86.ActiveCfg = Debug|Win32
		{C68E7165-B19E-44E6-BA92-EC522AC43B53}.Debug|x86.Build.0 = Debug|Win32
		{C68E7165-B19E-44E6-BA92-EC522AC43B53}.Release|x64.ActiveCfg = Release|x64
		{C68E7165-B19E-44E6-BA92-EC522AC43B53}.Release|x64.Build.0 = Release|x64
		{C68E7165-B19E-44E6-BA92-EC522AC43B53}.Release|x86.ActiveCfg = Release|Win32
		{C68E7165-B19E-44E6-BA92-EC522AC43B53}.Release|x86.Build.0 = Release|Win32
	EndGlobalSection
	GlobalSection(SolutionProperties) = preSolution
		HideSolutionNode = FALSE
	EndGlobalSection
	GlobalSection(ExtensibilityGlobals) = postSolution
		SolutionGuid = {518A1B9E-84AD-4946-AAE8-9E1ED2BCA018}
	EndGlobalSection
EndGlobal
